
Microsoft Visual Studio Solution File, Format Version 12.00
# Visual Studio Version 16
VisualStudioVersion = 16.0.30104.148
MinimumVisualStudioVersion = 10.0.40219.1
Project("{FAE04EC0-301F-11D3-BF4B-00C04F79EFBC}") = "Atlas-frontend", "Atlas-frontend.csproj", "{539BFECE-276F-49C7-AB7E-35AC63889FF6}"
EndProject
Global
	GlobalSection(SolutionConfigurationPlatforms) = preSolution
		Debug|Any CPU = Debug|Any CPU
		Release|Any CPU = Release|Any CPU
	EndGlobalSection
	GlobalSection(ProjectConfigurationPlatforms) = postSolution
		{539BFECE-276F-49C7-AB7E-35AC63889FF6}.Debug|Any CPU.ActiveCfg = Debug|Any CPU
		{539BFECE-276F-49C7-AB7E-35AC63889FF6}.Debug|Any CPU.Build.0 = Debug|Any CPU
		{539BFECE-276F-49C7-AB7E-35AC63889FF6}.Release|Any CPU.ActiveCfg = Release|Any CPU
		{539BFECE-276F-49C7-AB7E-35AC63889FF6}.Release|Any CPU.Build.0 = Release|Any CPU
	EndGlobalSection
	GlobalSection(SolutionProperties) = preSolution
		HideSolutionNode = FALSE
	EndGlobalSection
	GlobalSection(ExtensibilityGlobals) = postSolution
		SolutionGuid = {E0AFA728-9AFA-44E9-AA8C-1A517F94C766}
	EndGlobalSection
EndGlobal
